// !$*UTF8*$!
{
	archiveVersion = 1;
	classes = {
	};
	objectVersion = 46;
	objects = {

/* Begin PBXBuildFile section */
		B3037E0A1799E20E00A49FF3 /* zipeg-archive.icns in Resources */ = {isa = PBXBuildFile; fileRef = B3037E091799E20D00A49FF3 /* zipeg-archive.icns */; };
		B30A705117A4B3D200059168 /* ZGWindowController.m in Sources */ = {isa = PBXBuildFile; fileRef = B30A705017A4B3D200059168 /* ZGWindowController.m */; };
		B31A49BE17B2444600030DD5 /* next.png in Resources */ = {isa = PBXBuildFile; fileRef = B31A49BA17B2444600030DD5 /* next.png */; };
		B31A49BF17B2444600030DD5 /* play-n.png in Resources */ = {isa = PBXBuildFile; fileRef = B31A49BB17B2444600030DD5 /* play-n.png */; };
		B31A49C017B2444600030DD5 /* play-p.png in Resources */ = {isa = PBXBuildFile; fileRef = B31A49BC17B2444600030DD5 /* play-p.png */; };
		B31A49C117B2444600030DD5 /* prev.png in Resources */ = {isa = PBXBuildFile; fileRef = B31A49BD17B2444600030DD5 /* prev.png */; };
		B31A49C417B27AE800030DD5 /* ZGDestination.m in Sources */ = {isa = PBXBuildFile; fileRef = B31A49C317B27AE800030DD5 /* ZGDestination.m */; };
		B322F07B17A6136B00715C6D /* ZGToolbar.m in Sources */ = {isa = PBXBuildFile; fileRef = B322F07A17A6136B00715C6D /* ZGToolbar.m */; };
		B322F07E17A613A500715C6D /* ZGToolbarDelegate.m in Sources */ = {isa = PBXBuildFile; fileRef = B322F07D17A613A500715C6D /* ZGToolbarDelegate.m */; };
		B322F08017A613E100715C6D /* license.txt in Resources */ = {isa = PBXBuildFile; fileRef = B322F07F17A613E100715C6D /* license.txt */; };
		B32A0B8917B2215500225F91 /* done.aiff in Resources */ = {isa = PBXBuildFile; fileRef = B32A0B8717B2215500225F91 /* done.aiff */; };
		B32A0B8A17B2215500225F91 /* error.aiff in Resources */ = {isa = PBXBuildFile; fileRef = B32A0B8817B2215500225F91 /* error.aiff */; };
		B32EB9C81798CEDA00D8A129 /* MainMenu.xib in Resources */ = {isa = PBXBuildFile; fileRef = B32EB9C41798CEDA00D8A129 /* MainMenu.xib */; };
		B32EB9C91798CEDA00D8A129 /* ZGDocument.xib in Resources */ = {isa = PBXBuildFile; fileRef = B32EB9C61798CEDA00D8A129 /* ZGDocument.xib */; };
		B3485C6F179F2E6E001B91F5 /* ZGApp.mm in Sources */ = {isa = PBXBuildFile; fileRef = B3485C6E179F2E6E001B91F5 /* ZGApp.mm */; };
		B34FEB5B1792443D005D798B /* Cocoa.framework in Frameworks */ = {isa = PBXBuildFile; fileRef = B34FEB5A1792443D005D798B /* Cocoa.framework */; };
		B34FEB6E1792443D005D798B /* ZGDocument.m in Sources */ = {isa = PBXBuildFile; fileRef = B34FEB6D1792443D005D798B /* ZGDocument.m */; };
		B35D1E411794CA3B00A0210F /* ZGErrors.m in Sources */ = {isa = PBXBuildFile; fileRef = B35D1E401794CA3B00A0210F /* ZGErrors.m */; };
		B35D1E441794CBEB00A0210F /* ZGErrors.strings in Resources */ = {isa = PBXBuildFile; fileRef = B35D1E461794CBEB00A0210F /* ZGErrors.strings */; };
		B35D1E4A1794DC8300A0210F /* ZGDate.m in Sources */ = {isa = PBXBuildFile; fileRef = B35D1E491794DC8300A0210F /* ZGDate.m */; };
		B36196D617959F6800C515E4 /* ZGBitset.m in Sources */ = {isa = PBXBuildFile; fileRef = B36196D517959F6800C515E4 /* ZGBitset.m */; };
		B36196D91795BB8E00C515E4 /* ZGUtils.mm in Sources */ = {isa = PBXBuildFile; fileRef = B36196D81795BB8E00C515E4 /* ZGUtils.mm */; };
		B361A43517A3FE28008C8199 /* libp7z.dylib in CopyFiles */ = {isa = PBXBuildFile; fileRef = B39F1D4817924CBE00472FEF /* libp7z.dylib */; };
		B3767B0017AF978F00971CE4 /* folders-white.png in Resources */ = {isa = PBXBuildFile; fileRef = B3767AFF17AF978F00971CE4 /* folders-white.png */; };
		B3767B0317AFAAC700971CE4 /* ZGSheet.m in Sources */ = {isa = PBXBuildFile; fileRef = B3767B0217AFAAC700971CE4 /* ZGSheet.m */; };
		B37E554B179278DF00E54693 /* zipeg.icns in Resources */ = {isa = PBXBuildFile; fileRef = B37E554A179278DF00E54693 /* zipeg.icns */; };
		B37E554F1792857400E54693 /* ZGImageAndTextCell.m in Sources */ = {isa = PBXBuildFile; fileRef = B37E554E1792857400E54693 /* ZGImageAndTextCell.m */; };
		B37E55541792864200E54693 /* ZGOutlineViewDelegate.m in Sources */ = {isa = PBXBuildFile; fileRef = B37E55511792864200E54693 /* ZGOutlineViewDelegate.m */; };
		B37E55551792864200E54693 /* ZGSplitViewDelegate.m in Sources */ = {isa = PBXBuildFile; fileRef = B37E55531792864200E54693 /* ZGSplitViewDelegate.m */; };
		B37E555817928A3800E54693 /* ZGAppDelegate.m in Sources */ = {isa = PBXBuildFile; fileRef = B37E555717928A3700E54693 /* ZGAppDelegate.m */; };
		B37E555B17928BF300E54693 /* ZGFileSystem.m in Sources */ = {isa = PBXBuildFile; fileRef = B37E555A17928BF300E54693 /* ZGFileSystem.m */; };
		B37E555E1793019400E54693 /* ZGOutlineViewDataSource.m in Sources */ = {isa = PBXBuildFile; fileRef = B37E555D1793019400E54693 /* ZGOutlineViewDataSource.m */; };
		B39F1D271792485F00472FEF /* Credits.rtf in Resources */ = {isa = PBXBuildFile; fileRef = B39F1D291792485F00472FEF /* Credits.rtf */; };
		B39F1D2A1792486C00472FEF /* InfoPlist.strings in Resources */ = {isa = PBXBuildFile; fileRef = B39F1D2C1792486C00472FEF /* InfoPlist.strings */; };
		B3AE839A17B29A51008F754D /* black-linen_@2X.png in Resources */ = {isa = PBXBuildFile; fileRef = B3AE839817B29A51008F754D /* black-linen_@2X.png */; };
		B3AE839B17B29A51008F754D /* black-linen.png in Resources */ = {isa = PBXBuildFile; fileRef = B3AE839917B29A51008F754D /* black-linen.png */; };
		B3BAB36E17936C9C006C4E75 /* ZG7zip.mm in Sources */ = {isa = PBXBuildFile; fileRef = B3BAB36D17936C9C006C4E75 /* ZG7zip.mm */; };
		B3BAB3711793CAB0006C4E75 /* ZGNumber.m in Sources */ = {isa = PBXBuildFile; fileRef = B3BAB3701793CAB0006C4E75 /* ZGNumber.m */; };
		B3BECD9F179A149300B07871 /* CharDistribution.cpp in Sources */ = {isa = PBXBuildFile; fileRef = B3BECD68179A149300B07871 /* CharDistribution.cpp */; };
		B3BECDA0179A149300B07871 /* dll.cpp in Sources */ = {isa = PBXBuildFile; fileRef = B3BECD6A179A149300B07871 /* dll.cpp */; };
		B3BECDA5179A149300B07871 /* JpCntx.cpp in Sources */ = {isa = PBXBuildFile; fileRef = B3BECD6F179A149300B07871 /* JpCntx.cpp */; };
		B3BECDA6179A149300B07871 /* LangBulgarianModel.cpp in Sources */ = {isa = PBXBuildFile; fileRef = B3BECD71179A149300B07871 /* LangBulgarianModel.cpp */; };
		B3BECDA7179A149300B07871 /* LangCyrillicModel.cpp in Sources */ = {isa = PBXBuildFile; fileRef = B3BECD72179A149300B07871 /* LangCyrillicModel.cpp */; };
		B3BECDA8179A149300B07871 /* LangGreekModel.cpp in Sources */ = {isa = PBXBuildFile; fileRef = B3BECD73179A149300B07871 /* LangGreekModel.cpp */; };
		B3BECDA9179A149300B07871 /* LangHebrewModel.cpp in Sources */ = {isa = PBXBuildFile; fileRef = B3BECD74179A149300B07871 /* LangHebrewModel.cpp */; };
		B3BECDAA179A149300B07871 /* LangHungarianModel.cpp in Sources */ = {isa = PBXBuildFile; fileRef = B3BECD75179A149300B07871 /* LangHungarianModel.cpp */; };
		B3BECDAB179A149300B07871 /* LangThaiModel.cpp in Sources */ = {isa = PBXBuildFile; fileRef = B3BECD76179A149300B07871 /* LangThaiModel.cpp */; };
		B3BECDAD179A149300B07871 /* nsBig5Prober.cpp in Sources */ = {isa = PBXBuildFile; fileRef = B3BECD78179A149300B07871 /* nsBig5Prober.cpp */; };
		B3BECDAE179A149300B07871 /* nsCharSetProber.cpp in Sources */ = {isa = PBXBuildFile; fileRef = B3BECD7A179A149300B07871 /* nsCharSetProber.cpp */; };
		B3BECDAF179A149300B07871 /* nsEscCharsetProber.cpp in Sources */ = {isa = PBXBuildFile; fileRef = B3BECD7E179A149300B07871 /* nsEscCharsetProber.cpp */; };
		B3BECDB0179A149300B07871 /* nsEscSM.cpp in Sources */ = {isa = PBXBuildFile; fileRef = B3BECD80179A149300B07871 /* nsEscSM.cpp */; };
		B3BECDB1179A149300B07871 /* nsEUCJPProber.cpp in Sources */ = {isa = PBXBuildFile; fileRef = B3BECD81179A149300B07871 /* nsEUCJPProber.cpp */; };
		B3BECDB2179A149300B07871 /* nsEUCKRProber.cpp in Sources */ = {isa = PBXBuildFile; fileRef = B3BECD83179A149300B07871 /* nsEUCKRProber.cpp */; };
		B3BECDB3179A149300B07871 /* nsEUCTWProber.cpp in Sources */ = {isa = PBXBuildFile; fileRef = B3BECD85179A149300B07871 /* nsEUCTWProber.cpp */; };
		B3BECDB4179A149300B07871 /* nsGB2312Prober.cpp in Sources */ = {isa = PBXBuildFile; fileRef = B3BECD87179A149300B07871 /* nsGB2312Prober.cpp */; };
		B3BECDB5179A149300B07871 /* nsHebrewProber.cpp in Sources */ = {isa = PBXBuildFile; fileRef = B3BECD89179A149300B07871 /* nsHebrewProber.cpp */; };
		B3BECDB6179A149300B07871 /* nsLatin1Prober.cpp in Sources */ = {isa = PBXBuildFile; fileRef = B3BECD8B179A149300B07871 /* nsLatin1Prober.cpp */; };
		B3BECDB7179A149300B07871 /* nsMBCSGroupProber.cpp in Sources */ = {isa = PBXBuildFile; fileRef = B3BECD8D179A149300B07871 /* nsMBCSGroupProber.cpp */; };
		B3BECDB8179A149300B07871 /* nsMBCSSM.cpp in Sources */ = {isa = PBXBuildFile; fileRef = B3BECD8F179A149300B07871 /* nsMBCSSM.cpp */; };
		B3BECDB9179A149300B07871 /* nsSBCharSetProber.cpp in Sources */ = {isa = PBXBuildFile; fileRef = B3BECD91179A149300B07871 /* nsSBCharSetProber.cpp */; };
		B3BECDBA179A149300B07871 /* nsSBCSGroupProber.cpp in Sources */ = {isa = PBXBuildFile; fileRef = B3BECD93179A149300B07871 /* nsSBCSGroupProber.cpp */; };
		B3BECDBB179A149300B07871 /* nsSJISProber.cpp in Sources */ = {isa = PBXBuildFile; fileRef = B3BECD95179A149300B07871 /* nsSJISProber.cpp */; };
		B3BECDBC179A149300B07871 /* nsUniversalDetector.cpp in Sources */ = {isa = PBXBuildFile; fileRef = B3BECD97179A149300B07871 /* nsUniversalDetector.cpp */; };
		B3BECDBD179A149300B07871 /* nsUTF8Prober.cpp in Sources */ = {isa = PBXBuildFile; fileRef = B3BECD99179A149300B07871 /* nsUTF8Prober.cpp */; };
		B3BECDBE179A149300B07871 /* universalchardet.c in Sources */ = {isa = PBXBuildFile; fileRef = B3BECD9C179A149300B07871 /* universalchardet.c */; };
		B3BF7D2D1792462500A3E5EF /* main.mm in Sources */ = {isa = PBXBuildFile; fileRef = B3BF7D2C1792462500A3E5EF /* main.mm */; };
		B3D1BE5F1797366E007BE5E7 /* MacMem.m in Sources */ = {isa = PBXBuildFile; fileRef = B3D1BE5E1797366E007BE5E7 /* MacMem.m */; };
		B3E1F0BD17A1E22A003D3E68 /* ZGTableViewDataSource.m in Sources */ = {isa = PBXBuildFile; fileRef = B3E1F0BC17A1E22A003D3E68 /* ZGTableViewDataSource.m */; };
		B3E87DA917A922CE00B246B8 /* ZGGenericItem.m in Sources */ = {isa = PBXBuildFile; fileRef = B3E87DA817A922CE00B246B8 /* ZGGenericItem.m */; };
		B3E87DAC17A95C6100B246B8 /* folders-blue.png in Resources */ = {isa = PBXBuildFile; fileRef = B3E87DAA17A95C6100B246B8 /* folders-blue.png */; };
		B3F7414C17A1F923009A8ECF /* ZGTableViewDelegate.m in Sources */ = {isa = PBXBuildFile; fileRef = B3F7414B17A1F923009A8ECF /* ZGTableViewDelegate.m */; };
		B3F7414F17A21B79009A8ECF /* ZGImages.m in Sources */ = {isa = PBXBuildFile; fileRef = B3F7414E17A21B79009A8ECF /* ZGImages.m */; };
		B3FC1D9917A0929000BE0ED3 /* ZGHeroView.m in Sources */ = {isa = PBXBuildFile; fileRef = B3FC1D9817A0929000BE0ED3 /* ZGHeroView.m */; };
		B3FC1D9B17A095B600BE0ED3 /* QuartzCore.framework in Frameworks */ = {isa = PBXBuildFile; fileRef = B3FC1D9A17A095B600BE0ED3 /* QuartzCore.framework */; };
		B3FC1DA017A0B40B00BE0ED3 /* leaf-0-64x64.png in Resources */ = {isa = PBXBuildFile; fileRef = B3FC1D9C17A0B40B00BE0ED3 /* leaf-0-64x64.png */; };
		B3FC1DA117A0B40B00BE0ED3 /* leaf-1-64x64.png in Resources */ = {isa = PBXBuildFile; fileRef = B3FC1D9D17A0B40B00BE0ED3 /* leaf-1-64x64.png */; };
		B3FC1DA217A0B40B00BE0ED3 /* leaf-2-64x64.png in Resources */ = {isa = PBXBuildFile; fileRef = B3FC1D9E17A0B40B00BE0ED3 /* leaf-2-64x64.png */; };
		B3FC1DA317A0B40B00BE0ED3 /* leaf-3-64X64.png in Resources */ = {isa = PBXBuildFile; fileRef = B3FC1D9F17A0B40B00BE0ED3 /* leaf-3-64X64.png */; };
		B3FE5C5817A3F7390077CB28 /* libp7z.dylib in Frameworks */ = {isa = PBXBuildFile; fileRef = B39F1D4817924CBE00472FEF /* libp7z.dylib */; };
/* End PBXBuildFile section */

/* Begin PBXContainerItemProxy section */
		B39F1D4717924CBE00472FEF /* PBXContainerItemProxy */ = {
			isa = PBXContainerItemProxy;
			containerPortal = B39F1D4317924CBE00472FEF /* p7z.xcodeproj */;
			proxyType = 2;
			remoteGlobalIDString = B35F510D178100210021A620;
			remoteInfo = p7z;
		};
		B39F1D4917924CDF00472FEF /* PBXContainerItemProxy */ = {
			isa = PBXContainerItemProxy;
			containerPortal = B39F1D4317924CBE00472FEF /* p7z.xcodeproj */;
			proxyType = 1;
			remoteGlobalIDString = B35F510C178100210021A620;
			remoteInfo = p7z;
		};
/* End PBXContainerItemProxy section */

/* Begin PBXCopyFilesBuildPhase section */
		B361A43417A3FE10008C8199 /* CopyFiles */ = {
			isa = PBXCopyFilesBuildPhase;
			buildActionMask = 2147483647;
			dstPath = "";
			dstSubfolderSpec = 10;
			files = (
				B361A43517A3FE28008C8199 /* libp7z.dylib in CopyFiles */,
			);
			runOnlyForDeploymentPostprocessing = 0;
		};
/* End PBXCopyFilesBuildPhase section */

/* Begin PBXFileReference section */
		B3037DD317998FC300A49FF3 /* ru */ = {isa = PBXFileReference; lastKnownFileType = file.xib; name = ru; path = ru.lproj/MainMenu.xib; sourceTree = "<group>"; };
		B3037DD517998FC300A49FF3 /* ru */ = {isa = PBXFileReference; lastKnownFileType = text.rtf; name = ru; path = ru.lproj/Credits.rtf; sourceTree = "<group>"; };
		B3037DD617998FC300A49FF3 /* ru */ = {isa = PBXFileReference; lastKnownFileType = text.plist.strings; name = ru; path = ru.lproj/InfoPlist.strings; sourceTree = "<group>"; };
		B3037DD717998FC300A49FF3 /* ru */ = {isa = PBXFileReference; lastKnownFileType = text.plist.strings; name = ru; path = ru.lproj/ZGErrors.strings; sourceTree = "<group>"; };
		B3037E091799E20D00A49FF3 /* zipeg-archive.icns */ = {isa = PBXFileReference; lastKnownFileType = image.icns; name = "zipeg-archive.icns"; path = "Resources/zipeg-archive.icns"; sourceTree = "<group>"; };
		B30A704F17A4B3D200059168 /* ZGWindowController.h */ = {isa = PBXFileReference; fileEncoding = 4; lastKnownFileType = sourcecode.c.h; path = ZGWindowController.h; sourceTree = "<group>"; };
		B30A705017A4B3D200059168 /* ZGWindowController.m */ = {isa = PBXFileReference; fileEncoding = 4; lastKnownFileType = sourcecode.c.objc; path = ZGWindowController.m; sourceTree = "<group>"; };
		B31A49BA17B2444600030DD5 /* next.png */ = {isa = PBXFileReference; lastKnownFileType = image.png; name = next.png; path = Resources/next.png; sourceTree = "<group>"; };
		B31A49BB17B2444600030DD5 /* play-n.png */ = {isa = PBXFileReference; lastKnownFileType = image.png; name = "play-n.png"; path = "Resources/play-n.png"; sourceTree = "<group>"; };
		B31A49BC17B2444600030DD5 /* play-p.png */ = {isa = PBXFileReference; lastKnownFileType = image.png; name = "play-p.png"; path = "Resources/play-p.png"; sourceTree = "<group>"; };
		B31A49BD17B2444600030DD5 /* prev.png */ = {isa = PBXFileReference; lastKnownFileType = image.png; name = prev.png; path = Resources/prev.png; sourceTree = "<group>"; };
		B31A49C217B27AE800030DD5 /* ZGDestination.h */ = {isa = PBXFileReference; fileEncoding = 4; lastKnownFileType = sourcecode.c.h; path = ZGDestination.h; sourceTree = "<group>"; };
		B31A49C317B27AE800030DD5 /* ZGDestination.m */ = {isa = PBXFileReference; fileEncoding = 4; lastKnownFileType = sourcecode.c.objc; path = ZGDestination.m; sourceTree = "<group>"; };
		B322F07917A6136B00715C6D /* ZGToolbar.h */ = {isa = PBXFileReference; fileEncoding = 4; lastKnownFileType = sourcecode.c.h; path = ZGToolbar.h; sourceTree = "<group>"; };
		B322F07A17A6136B00715C6D /* ZGToolbar.m */ = {isa = PBXFileReference; fileEncoding = 4; lastKnownFileType = sourcecode.c.objc; path = ZGToolbar.m; sourceTree = "<group>"; };
		B322F07C17A613A500715C6D /* ZGToolbarDelegate.h */ = {isa = PBXFileReference; fileEncoding = 4; lastKnownFileType = sourcecode.c.h; path = ZGToolbarDelegate.h; sourceTree = "<group>"; };
		B322F07D17A613A500715C6D /* ZGToolbarDelegate.m */ = {isa = PBXFileReference; fileEncoding = 4; lastKnownFileType = sourcecode.c.objc; path = ZGToolbarDelegate.m; sourceTree = "<group>"; };
		B322F07F17A613E100715C6D /* license.txt */ = {isa = PBXFileReference; fileEncoding = 4; lastKnownFileType = text; path = license.txt; sourceTree = "<group>"; };
		B32A0B8717B2215500225F91 /* done.aiff */ = {isa = PBXFileReference; lastKnownFileType = audio.aiff; name = done.aiff; path = Resources/done.aiff; sourceTree = "<group>"; };
		B32A0B8817B2215500225F91 /* error.aiff */ = {isa = PBXFileReference; lastKnownFileType = audio.aiff; name = error.aiff; path = Resources/error.aiff; sourceTree = "<group>"; };
		B32EB9C51798CEDA00D8A129 /* en */ = {isa = PBXFileReference; lastKnownFileType = file.xib; name = en; path = en.lproj/MainMenu.xib; sourceTree = "<group>"; };
		B32EB9C71798CEDA00D8A129 /* en */ = {isa = PBXFileReference; lastKnownFileType = file.xib; name = en; path = en.lproj/ZGDocument.xib; sourceTree = "<group>"; };
		B32FF53117933C6B0083146C /* ZGItemProtocol.h */ = {isa = PBXFileReference; lastKnownFileType = sourcecode.c.h; path = ZGItemProtocol.h; sourceTree = "<group>"; };
		B3485C6D179F2E6E001B91F5 /* ZGApp.h */ = {isa = PBXFileReference; fileEncoding = 4; lastKnownFileType = sourcecode.c.h; path = ZGApp.h; sourceTree = "<group>"; };
		B3485C6E179F2E6E001B91F5 /* ZGApp.mm */ = {isa = PBXFileReference; fileEncoding = 4; lastKnownFileType = sourcecode.cpp.objcpp; path = ZGApp.mm; sourceTree = "<group>"; };
		B34FEB571792443D005D798B /* Zipeg.app */ = {isa = PBXFileReference; explicitFileType = wrapper.application; includeInIndex = 0; path = Zipeg.app; sourceTree = BUILT_PRODUCTS_DIR; };
		B34FEB5A1792443D005D798B /* Cocoa.framework */ = {isa = PBXFileReference; lastKnownFileType = wrapper.framework; name = Cocoa.framework; path = System/Library/Frameworks/Cocoa.framework; sourceTree = SDKROOT; };
		B34FEB5D1792443D005D798B /* AppKit.framework */ = {isa = PBXFileReference; lastKnownFileType = wrapper.framework; name = AppKit.framework; path = System/Library/Frameworks/AppKit.framework; sourceTree = SDKROOT; };
		B34FEB5E1792443D005D798B /* CoreData.framework */ = {isa = PBXFileReference; lastKnownFileType = wrapper.framework; name = CoreData.framework; path = System/Library/Frameworks/CoreData.framework; sourceTree = SDKROOT; };
		B34FEB5F1792443D005D798B /* Foundation.framework */ = {isa = PBXFileReference; lastKnownFileType = wrapper.framework; name = Foundation.framework; path = System/Library/Frameworks/Foundation.framework; sourceTree = SDKROOT; };
		B34FEB681792443D005D798B /* zipeg.pch */ = {isa = PBXFileReference; lastKnownFileType = sourcecode.c.h; path = zipeg.pch; sourceTree = "<group>"; };
		B34FEB6C1792443D005D798B /* ZGDocument.h */ = {isa = PBXFileReference; lastKnownFileType = sourcecode.c.h; path = ZGDocument.h; sourceTree = "<group>"; };
		B34FEB6D1792443D005D798B /* ZGDocument.m */ = {isa = PBXFileReference; lastKnownFileType = sourcecode.c.objc; path = ZGDocument.m; sourceTree = "<group>"; };
		B34FEB7B1792443D005D798B /* SenTestingKit.framework */ = {isa = PBXFileReference; lastKnownFileType = wrapper.framework; name = SenTestingKit.framework; path = Library/Frameworks/SenTestingKit.framework; sourceTree = DEVELOPER_DIR; };
		B35D1E3F1794CA3B00A0210F /* ZGErrors.h */ = {isa = PBXFileReference; fileEncoding = 4; lastKnownFileType = sourcecode.c.h; path = ZGErrors.h; sourceTree = "<group>"; };
		B35D1E401794CA3B00A0210F /* ZGErrors.m */ = {isa = PBXFileReference; fileEncoding = 4; lastKnownFileType = sourcecode.c.objc; path = ZGErrors.m; sourceTree = "<group>"; };
		B35D1E451794CBEB00A0210F /* en */ = {isa = PBXFileReference; lastKnownFileType = text.plist.strings; name = en; path = en.lproj/ZGErrors.strings; sourceTree = "<group>"; };
		B35D1E481794DC8300A0210F /* ZGDate.h */ = {isa = PBXFileReference; fileEncoding = 4; lastKnownFileType = sourcecode.c.h; path = ZGDate.h; sourceTree = "<group>"; };
		B35D1E491794DC8300A0210F /* ZGDate.m */ = {isa = PBXFileReference; fileEncoding = 4; lastKnownFileType = sourcecode.c.objc; path = ZGDate.m; sourceTree = "<group>"; };
		B35EDC7A1799E36F00E6CCF9 /* Zipeg-Info.plist */ = {isa = PBXFileReference; fileEncoding = 4; lastKnownFileType = text.plist.xml; path = "Zipeg-Info.plist"; sourceTree = "<group>"; };
		B36196D417959F6800C515E4 /* ZGBitset.h */ = {isa = PBXFileReference; fileEncoding = 4; lastKnownFileType = sourcecode.c.h; path = ZGBitset.h; sourceTree = "<group>"; };
		B36196D517959F6800C515E4 /* ZGBitset.m */ = {isa = PBXFileReference; fileEncoding = 4; lastKnownFileType = sourcecode.c.objc; path = ZGBitset.m; sourceTree = "<group>"; };
		B36196D71795BB8E00C515E4 /* ZGUtils.h */ = {isa = PBXFileReference; fileEncoding = 4; lastKnownFileType = sourcecode.c.h; path = ZGUtils.h; sourceTree = "<group>"; };
		B36196D81795BB8E00C515E4 /* ZGUtils.mm */ = {isa = PBXFileReference; fileEncoding = 4; lastKnownFileType = sourcecode.cpp.objcpp; path = ZGUtils.mm; sourceTree = "<group>"; };
		B3767AFF17AF978F00971CE4 /* folders-white.png */ = {isa = PBXFileReference; lastKnownFileType = image.png; name = "folders-white.png"; path = "Resources/folders-white.png"; sourceTree = "<group>"; };
		B3767B0117AFAAC700971CE4 /* ZGSheet.h */ = {isa = PBXFileReference; fileEncoding = 4; lastKnownFileType = sourcecode.c.h; path = ZGSheet.h; sourceTree = "<group>"; };
		B3767B0217AFAAC700971CE4 /* ZGSheet.m */ = {isa = PBXFileReference; fileEncoding = 4; lastKnownFileType = sourcecode.c.objc; path = ZGSheet.m; sourceTree = "<group>"; };
		B37E554A179278DF00E54693 /* zipeg.icns */ = {isa = PBXFileReference; lastKnownFileType = image.icns; path = zipeg.icns; sourceTree = SOURCE_ROOT; };
		B37E554D1792857400E54693 /* ZGImageAndTextCell.h */ = {isa = PBXFileReference; fileEncoding = 4; lastKnownFileType = sourcecode.c.h; path = ZGImageAndTextCell.h; sourceTree = "<group>"; };
		B37E554E1792857400E54693 /* ZGImageAndTextCell.m */ = {isa = PBXFileReference; fileEncoding = 4; lastKnownFileType = sourcecode.c.objc; path = ZGImageAndTextCell.m; sourceTree = "<group>"; };
		B37E55501792864200E54693 /* ZGOutlineViewDelegate.h */ = {isa = PBXFileReference; fileEncoding = 4; lastKnownFileType = sourcecode.c.h; path = ZGOutlineViewDelegate.h; sourceTree = "<group>"; };
		B37E55511792864200E54693 /* ZGOutlineViewDelegate.m */ = {isa = PBXFileReference; fileEncoding = 4; lastKnownFileType = sourcecode.c.objc; path = ZGOutlineViewDelegate.m; sourceTree = "<group>"; };
		B37E55521792864200E54693 /* ZGSplitViewDelegate.h */ = {isa = PBXFileReference; fileEncoding = 4; lastKnownFileType = sourcecode.c.h; path = ZGSplitViewDelegate.h; sourceTree = "<group>"; };
		B37E55531792864200E54693 /* ZGSplitViewDelegate.m */ = {isa = PBXFileReference; fileEncoding = 4; lastKnownFileType = sourcecode.c.objc; path = ZGSplitViewDelegate.m; sourceTree = "<group>"; };
		B37E555617928A3700E54693 /* ZGAppDelegate.h */ = {isa = PBXFileReference; fileEncoding = 4; lastKnownFileType = sourcecode.c.h; path = ZGAppDelegate.h; sourceTree = "<group>"; };
		B37E555717928A3700E54693 /* ZGAppDelegate.m */ = {isa = PBXFileReference; fileEncoding = 4; lastKnownFileType = sourcecode.c.objc; path = ZGAppDelegate.m; sourceTree = "<group>"; };
		B37E555917928BF300E54693 /* ZGFileSystem.h */ = {isa = PBXFileReference; fileEncoding = 4; lastKnownFileType = sourcecode.c.h; path = ZGFileSystem.h; sourceTree = "<group>"; };
		B37E555A17928BF300E54693 /* ZGFileSystem.m */ = {isa = PBXFileReference; fileEncoding = 4; lastKnownFileType = sourcecode.c.objc; path = ZGFileSystem.m; sourceTree = "<group>"; };
		B37E555C1793019400E54693 /* ZGOutlineViewDataSource.h */ = {isa = PBXFileReference; fileEncoding = 4; lastKnownFileType = sourcecode.c.h; path = ZGOutlineViewDataSource.h; sourceTree = "<group>"; };
		B37E555D1793019400E54693 /* ZGOutlineViewDataSource.m */ = {isa = PBXFileReference; fileEncoding = 4; lastKnownFileType = sourcecode.c.objc; path = ZGOutlineViewDataSource.m; sourceTree = "<group>"; };
		B39F1D281792485F00472FEF /* en */ = {isa = PBXFileReference; lastKnownFileType = text.rtf; name = en; path = en.lproj/Credits.rtf; sourceTree = "<group>"; };
		B39F1D2B1792486C00472FEF /* en */ = {isa = PBXFileReference; lastKnownFileType = text.plist.strings; name = en; path = en.lproj/InfoPlist.strings; sourceTree = "<group>"; };
		B39F1D4317924CBE00472FEF /* p7z.xcodeproj */ = {isa = PBXFileReference; lastKnownFileType = "wrapper.pb-project"; name = p7z.xcodeproj; path = ../p7z/p7z.xcodeproj; sourceTree = "<group>"; };
		B39F1D4C17924E6800472FEF /* c.h */ = {isa = PBXFileReference; lastKnownFileType = sourcecode.c.h; name = c.h; path = ../p7z/c.h; sourceTree = "<group>"; };
		B39F1D4E17924E9900472FEF /* PropID.h */ = {isa = PBXFileReference; fileEncoding = 4; lastKnownFileType = sourcecode.c.h; name = PropID.h; path = ../p7z/p7z/CPP/7zip/PropID.h; sourceTree = "<group>"; };
		B39F1D4F17924E9900472FEF /* HashMapS2L.hpp */ = {isa = PBXFileReference; fileEncoding = 4; lastKnownFileType = sourcecode.cpp.h; name = HashMapS2L.hpp; path = ../p7z/HashMapS2L.hpp; sourceTree = "<group>"; };
		B39F1D5017924E9900472FEF /* NanoTime.hpp */ = {isa = PBXFileReference; fileEncoding = 4; lastKnownFileType = sourcecode.cpp.h; name = NanoTime.hpp; path = ../p7z/NanoTime.hpp; sourceTree = "<group>"; };
		B39F1D5617924F0700472FEF /* p7z.hpp */ = {isa = PBXFileReference; fileEncoding = 4; lastKnownFileType = sourcecode.cpp.h; name = p7z.hpp; path = ../p7z/p7z.hpp; sourceTree = "<group>"; };
		B3AE839817B29A51008F754D /* black-linen_@2X.png */ = {isa = PBXFileReference; lastKnownFileType = image.png; name = "black-linen_@2X.png"; path = "Resources/black-linen_@2X.png"; sourceTree = "<group>"; };
		B3AE839917B29A51008F754D /* black-linen.png */ = {isa = PBXFileReference; lastKnownFileType = image.png; name = "black-linen.png"; path = "Resources/black-linen.png"; sourceTree = "<group>"; };
		B3BAB36C17936C9B006C4E75 /* ZG7zip.h */ = {isa = PBXFileReference; fileEncoding = 4; lastKnownFileType = sourcecode.c.h; path = ZG7zip.h; sourceTree = "<group>"; };
		B3BAB36D17936C9C006C4E75 /* ZG7zip.mm */ = {isa = PBXFileReference; fileEncoding = 4; lastKnownFileType = sourcecode.cpp.objcpp; path = ZG7zip.mm; sourceTree = "<group>"; };
		B3BAB36F1793CAB0006C4E75 /* ZGNumber.h */ = {isa = PBXFileReference; fileEncoding = 4; lastKnownFileType = sourcecode.c.h; path = ZGNumber.h; sourceTree = "<group>"; };
		B3BAB3701793CAB0006C4E75 /* ZGNumber.m */ = {isa = PBXFileReference; fileEncoding = 4; lastKnownFileType = sourcecode.c.objc; path = ZGNumber.m; sourceTree = "<group>"; };
		B3BECD67179A149300B07871 /* Big5Freq.tab */ = {isa = PBXFileReference; fileEncoding = 4; lastKnownFileType = text; name = Big5Freq.tab; path = ../chardet/Big5Freq.tab; sourceTree = "<group>"; };
		B3BECD68179A149300B07871 /* CharDistribution.cpp */ = {isa = PBXFileReference; fileEncoding = 4; lastKnownFileType = sourcecode.cpp.cpp; name = CharDistribution.cpp; path = ../chardet/CharDistribution.cpp; sourceTree = "<group>"; };
		B3BECD69179A149300B07871 /* CharDistribution.h */ = {isa = PBXFileReference; fileEncoding = 4; lastKnownFileType = sourcecode.c.h; name = CharDistribution.h; path = ../chardet/CharDistribution.h; sourceTree = "<group>"; };
		B3BECD6A179A149300B07871 /* dll.cpp */ = {isa = PBXFileReference; fileEncoding = 4; lastKnownFileType = sourcecode.cpp.cpp; name = dll.cpp; path = ../chardet/dll.cpp; sourceTree = "<group>"; };
		B3BECD6B179A149300B07871 /* EUCKRFreq.tab */ = {isa = PBXFileReference; fileEncoding = 4; lastKnownFileType = text; name = EUCKRFreq.tab; path = ../chardet/EUCKRFreq.tab; sourceTree = "<group>"; };
		B3BECD6C179A149300B07871 /* EUCTWFreq.tab */ = {isa = PBXFileReference; fileEncoding = 4; lastKnownFileType = text; name = EUCTWFreq.tab; path = ../chardet/EUCTWFreq.tab; sourceTree = "<group>"; };
		B3BECD6D179A149300B07871 /* GB2312Freq.tab */ = {isa = PBXFileReference; fileEncoding = 4; lastKnownFileType = text; name = GB2312Freq.tab; path = ../chardet/GB2312Freq.tab; sourceTree = "<group>"; };
		B3BECD6E179A149300B07871 /* JISFreq.tab */ = {isa = PBXFileReference; fileEncoding = 4; lastKnownFileType = text; name = JISFreq.tab; path = ../chardet/JISFreq.tab; sourceTree = "<group>"; };
		B3BECD6F179A149300B07871 /* JpCntx.cpp */ = {isa = PBXFileReference; fileEncoding = 4; lastKnownFileType = sourcecode.cpp.cpp; name = JpCntx.cpp; path = ../chardet/JpCntx.cpp; sourceTree = "<group>"; };
		B3BECD70179A149300B07871 /* JpCntx.h */ = {isa = PBXFileReference; fileEncoding = 4; lastKnownFileType = sourcecode.c.h; name = JpCntx.h; path = ../chardet/JpCntx.h; sourceTree = "<group>"; };
		B3BECD71179A149300B07871 /* LangBulgarianModel.cpp */ = {isa = PBXFileReference; fileEncoding = 4; lastKnownFileType = sourcecode.cpp.cpp; name = LangBulgarianModel.cpp; path = ../chardet/LangBulgarianModel.cpp; sourceTree = "<group>"; };
		B3BECD72179A149300B07871 /* LangCyrillicModel.cpp */ = {isa = PBXFileReference; fileEncoding = 4; lastKnownFileType = sourcecode.cpp.cpp; name = LangCyrillicModel.cpp; path = ../chardet/LangCyrillicModel.cpp; sourceTree = "<group>"; };
		B3BECD73179A149300B07871 /* LangGreekModel.cpp */ = {isa = PBXFileReference; fileEncoding = 4; lastKnownFileType = sourcecode.cpp.cpp; name = LangGreekModel.cpp; path = ../chardet/LangGreekModel.cpp; sourceTree = "<group>"; };
		B3BECD74179A149300B07871 /* LangHebrewModel.cpp */ = {isa = PBXFileReference; fileEncoding = 4; lastKnownFileType = sourcecode.cpp.cpp; name = LangHebrewModel.cpp; path = ../chardet/LangHebrewModel.cpp; sourceTree = "<group>"; };
		B3BECD75179A149300B07871 /* LangHungarianModel.cpp */ = {isa = PBXFileReference; fileEncoding = 4; lastKnownFileType = sourcecode.cpp.cpp; name = LangHungarianModel.cpp; path = ../chardet/LangHungarianModel.cpp; sourceTree = "<group>"; };
		B3BECD76179A149300B07871 /* LangThaiModel.cpp */ = {isa = PBXFileReference; fileEncoding = 4; lastKnownFileType = sourcecode.cpp.cpp; name = LangThaiModel.cpp; path = ../chardet/LangThaiModel.cpp; sourceTree = "<group>"; };
		B3BECD78179A149300B07871 /* nsBig5Prober.cpp */ = {isa = PBXFileReference; fileEncoding = 4; lastKnownFileType = sourcecode.cpp.cpp; name = nsBig5Prober.cpp; path = ../chardet/nsBig5Prober.cpp; sourceTree = "<group>"; };
		B3BECD79179A149300B07871 /* nsBig5Prober.h */ = {isa = PBXFileReference; fileEncoding = 4; lastKnownFileType = sourcecode.c.h; name = nsBig5Prober.h; path = ../chardet/nsBig5Prober.h; sourceTree = "<group>"; };
		B3BECD7A179A149300B07871 /* nsCharSetProber.cpp */ = {isa = PBXFileReference; fileEncoding = 4; lastKnownFileType = sourcecode.cpp.cpp; name = nsCharSetProber.cpp; path = ../chardet/nsCharSetProber.cpp; sourceTree = "<group>"; };
		B3BECD7B179A149300B07871 /* nsCharSetProber.h */ = {isa = PBXFileReference; fileEncoding = 4; lastKnownFileType = sourcecode.c.h; name = nsCharSetProber.h; path = ../chardet/nsCharSetProber.h; sourceTree = "<group>"; };
		B3BECD7C179A149300B07871 /* nsCodingStateMachine.h */ = {isa = PBXFileReference; fileEncoding = 4; lastKnownFileType = sourcecode.c.h; name = nsCodingStateMachine.h; path = ../chardet/nsCodingStateMachine.h; sourceTree = "<group>"; };
		B3BECD7D179A149300B07871 /* nscore.h */ = {isa = PBXFileReference; fileEncoding = 4; lastKnownFileType = sourcecode.c.h; name = nscore.h; path = ../chardet/nscore.h; sourceTree = "<group>"; };
		B3BECD7E179A149300B07871 /* nsEscCharsetProber.cpp */ = {isa = PBXFileReference; fileEncoding = 4; lastKnownFileType = sourcecode.cpp.cpp; name = nsEscCharsetProber.cpp; path = ../chardet/nsEscCharsetProber.cpp; sourceTree = "<group>"; };
		B3BECD7F179A149300B07871 /* nsEscCharsetProber.h */ = {isa = PBXFileReference; fileEncoding = 4; lastKnownFileType = sourcecode.c.h; name = nsEscCharsetProber.h; path = ../chardet/nsEscCharsetProber.h; sourceTree = "<group>"; };
		B3BECD80179A149300B07871 /* nsEscSM.cpp */ = {isa = PBXFileReference; fileEncoding = 4; lastKnownFileType = sourcecode.cpp.cpp; name = nsEscSM.cpp; path = ../chardet/nsEscSM.cpp; sourceTree = "<group>"; };
		B3BECD81179A149300B07871 /* nsEUCJPProber.cpp */ = {isa = PBXFileReference; fileEncoding = 4; lastKnownFileType = sourcecode.cpp.cpp; name = nsEUCJPProber.cpp; path = ../chardet/nsEUCJPProber.cpp; sourceTree = "<group>"; };
		B3BECD82179A149300B07871 /* nsEUCJPProber.h */ = {isa = PBXFileReference; fileEncoding = 4; lastKnownFileType = sourcecode.c.h; name = nsEUCJPProber.h; path = ../chardet/nsEUCJPProber.h; sourceTree = "<group>"; };
		B3BECD83179A149300B07871 /* nsEUCKRProber.cpp */ = {isa = PBXFileReference; fileEncoding = 4; lastKnownFileType = sourcecode.cpp.cpp; name = nsEUCKRProber.cpp; path = ../chardet/nsEUCKRProber.cpp; sourceTree = "<group>"; };
		B3BECD84179A149300B07871 /* nsEUCKRProber.h */ = {isa = PBXFileReference; fileEncoding = 4; lastKnownFileType = sourcecode.c.h; name = nsEUCKRProber.h; path = ../chardet/nsEUCKRProber.h; sourceTree = "<group>"; };
		B3BECD85179A149300B07871 /* nsEUCTWProber.cpp */ = {isa = PBXFileReference; fileEncoding = 4; lastKnownFileType = sourcecode.cpp.cpp; name = nsEUCTWProber.cpp; path = ../chardet/nsEUCTWProber.cpp; sourceTree = "<group>"; };
		B3BECD86179A149300B07871 /* nsEUCTWProber.h */ = {isa = PBXFileReference; fileEncoding = 4; lastKnownFileType = sourcecode.c.h; name = nsEUCTWProber.h; path = ../chardet/nsEUCTWProber.h; sourceTree = "<group>"; };
		B3BECD87179A149300B07871 /* nsGB2312Prober.cpp */ = {isa = PBXFileReference; fileEncoding = 4; lastKnownFileType = sourcecode.cpp.cpp; name = nsGB2312Prober.cpp; path = ../chardet/nsGB2312Prober.cpp; sourceTree = "<group>"; };
		B3BECD88179A149300B07871 /* nsGB2312Prober.h */ = {isa = PBXFileReference; fileEncoding = 4; lastKnownFileType = sourcecode.c.h; name = nsGB2312Prober.h; path = ../chardet/nsGB2312Prober.h; sourceTree = "<group>"; };
		B3BECD89179A149300B07871 /* nsHebrewProber.cpp */ = {isa = PBXFileReference; fileEncoding = 4; lastKnownFileType = sourcecode.cpp.cpp; name = nsHebrewProber.cpp; path = ../chardet/nsHebrewProber.cpp; sourceTree = "<group>"; };
		B3BECD8A179A149300B07871 /* nsHebrewProber.h */ = {isa = PBXFileReference; fileEncoding = 4; lastKnownFileType = sourcecode.c.h; name = nsHebrewProber.h; path = ../chardet/nsHebrewProber.h; sourceTree = "<group>"; };
		B3BECD8B179A149300B07871 /* nsLatin1Prober.cpp */ = {isa = PBXFileReference; fileEncoding = 4; lastKnownFileType = sourcecode.cpp.cpp; name = nsLatin1Prober.cpp; path = ../chardet/nsLatin1Prober.cpp; sourceTree = "<group>"; };
		B3BECD8C179A149300B07871 /* nsLatin1Prober.h */ = {isa = PBXFileReference; fileEncoding = 4; lastKnownFileType = sourcecode.c.h; name = nsLatin1Prober.h; path = ../chardet/nsLatin1Prober.h; sourceTree = "<group>"; };
		B3BECD8D179A149300B07871 /* nsMBCSGroupProber.cpp */ = {isa = PBXFileReference; fileEncoding = 4; lastKnownFileType = sourcecode.cpp.cpp; name = nsMBCSGroupProber.cpp; path = ../chardet/nsMBCSGroupProber.cpp; sourceTree = "<group>"; };
		B3BECD8E179A149300B07871 /* nsMBCSGroupProber.h */ = {isa = PBXFileReference; fileEncoding = 4; lastKnownFileType = sourcecode.c.h; name = nsMBCSGroupProber.h; path = ../chardet/nsMBCSGroupProber.h; sourceTree = "<group>"; };
		B3BECD8F179A149300B07871 /* nsMBCSSM.cpp */ = {isa = PBXFileReference; fileEncoding = 4; lastKnownFileType = sourcecode.cpp.cpp; name = nsMBCSSM.cpp; path = ../chardet/nsMBCSSM.cpp; sourceTree = "<group>"; };
		B3BECD90179A149300B07871 /* nsPkgInt.h */ = {isa = PBXFileReference; fileEncoding = 4; lastKnownFileType = sourcecode.c.h; name = nsPkgInt.h; path = ../chardet/nsPkgInt.h; sourceTree = "<group>"; };
		B3BECD91179A149300B07871 /* nsSBCharSetProber.cpp */ = {isa = PBXFileReference; fileEncoding = 4; lastKnownFileType = sourcecode.cpp.cpp; name = nsSBCharSetProber.cpp; path = ../chardet/nsSBCharSetProber.cpp; sourceTree = "<group>"; };
		B3BECD92179A149300B07871 /* nsSBCharSetProber.h */ = {isa = PBXFileReference; fileEncoding = 4; lastKnownFileType = sourcecode.c.h; name = nsSBCharSetProber.h; path = ../chardet/nsSBCharSetProber.h; sourceTree = "<group>"; };
		B3BECD93179A149300B07871 /* nsSBCSGroupProber.cpp */ = {isa = PBXFileReference; fileEncoding = 4; lastKnownFileType = sourcecode.cpp.cpp; name = nsSBCSGroupProber.cpp; path = ../chardet/nsSBCSGroupProber.cpp; sourceTree = "<group>"; };
		B3BECD94179A149300B07871 /* nsSBCSGroupProber.h */ = {isa = PBXFileReference; fileEncoding = 4; lastKnownFileType = sourcecode.c.h; name = nsSBCSGroupProber.h; path = ../chardet/nsSBCSGroupProber.h; sourceTree = "<group>"; };
		B3BECD95179A149300B07871 /* nsSJISProber.cpp */ = {isa = PBXFileReference; fileEncoding = 4; lastKnownFileType = sourcecode.cpp.cpp; name = nsSJISProber.cpp; path = ../chardet/nsSJISProber.cpp; sourceTree = "<group>"; };
		B3BECD96179A149300B07871 /* nsSJISProber.h */ = {isa = PBXFileReference; fileEncoding = 4; lastKnownFileType = sourcecode.c.h; name = nsSJISProber.h; path = ../chardet/nsSJISProber.h; sourceTree = "<group>"; };
		B3BECD97179A149300B07871 /* nsUniversalDetector.cpp */ = {isa = PBXFileReference; fileEncoding = 4; lastKnownFileType = sourcecode.cpp.cpp; name = nsUniversalDetector.cpp; path = ../chardet/nsUniversalDetector.cpp; sourceTree = "<group>"; };
		B3BECD98179A149300B07871 /* nsUniversalDetector.h */ = {isa = PBXFileReference; fileEncoding = 4; lastKnownFileType = sourcecode.c.h; name = nsUniversalDetector.h; path = ../chardet/nsUniversalDetector.h; sourceTree = "<group>"; };
		B3BECD99179A149300B07871 /* nsUTF8Prober.cpp */ = {isa = PBXFileReference; fileEncoding = 4; lastKnownFileType = sourcecode.cpp.cpp; name = nsUTF8Prober.cpp; path = ../chardet/nsUTF8Prober.cpp; sourceTree = "<group>"; };
		B3BECD9A179A149300B07871 /* nsUTF8Prober.h */ = {isa = PBXFileReference; fileEncoding = 4; lastKnownFileType = sourcecode.c.h; name = nsUTF8Prober.h; path = ../chardet/nsUTF8Prober.h; sourceTree = "<group>"; };
		B3BECD9B179A149300B07871 /* prmem.h */ = {isa = PBXFileReference; fileEncoding = 4; lastKnownFileType = sourcecode.c.h; name = prmem.h; path = ../chardet/prmem.h; sourceTree = "<group>"; };
		B3BECD9C179A149300B07871 /* universalchardet.c */ = {isa = PBXFileReference; fileEncoding = 4; lastKnownFileType = sourcecode.c.c; name = universalchardet.c; path = ../chardet/universalchardet.c; sourceTree = "<group>"; };
		B3BECD9D179A149300B07871 /* universalchardet.h */ = {isa = PBXFileReference; fileEncoding = 4; lastKnownFileType = sourcecode.c.h; name = universalchardet.h; path = ../chardet/universalchardet.h; sourceTree = "<group>"; };
		B3BF7D2C1792462500A3E5EF /* main.mm */ = {isa = PBXFileReference; fileEncoding = 4; lastKnownFileType = sourcecode.cpp.objcpp; path = main.mm; sourceTree = SOURCE_ROOT; };
		B3D1BE5D17973662007BE5E7 /* MacMem.h */ = {isa = PBXFileReference; lastKnownFileType = sourcecode.c.h; path = MacMem.h; sourceTree = SOURCE_ROOT; };
		B3D1BE5E1797366E007BE5E7 /* MacMem.m */ = {isa = PBXFileReference; fileEncoding = 4; lastKnownFileType = sourcecode.c.objc; path = MacMem.m; sourceTree = SOURCE_ROOT; };
		B3E1F0BB17A1E22A003D3E68 /* ZGTableViewDataSource.h */ = {isa = PBXFileReference; fileEncoding = 4; lastKnownFileType = sourcecode.c.h; path = ZGTableViewDataSource.h; sourceTree = "<group>"; };
		B3E1F0BC17A1E22A003D3E68 /* ZGTableViewDataSource.m */ = {isa = PBXFileReference; fileEncoding = 4; lastKnownFileType = sourcecode.c.objc; path = ZGTableViewDataSource.m; sourceTree = "<group>"; };
		B3E87DA717A922CE00B246B8 /* ZGGenericItem.h */ = {isa = PBXFileReference; fileEncoding = 4; lastKnownFileType = sourcecode.c.h; path = ZGGenericItem.h; sourceTree = "<group>"; };
		B3E87DA817A922CE00B246B8 /* ZGGenericItem.m */ = {isa = PBXFileReference; fileEncoding = 4; lastKnownFileType = sourcecode.c.objc; path = ZGGenericItem.m; sourceTree = "<group>"; };
		B3E87DAA17A95C6100B246B8 /* folders-blue.png */ = {isa = PBXFileReference; lastKnownFileType = image.png; name = "folders-blue.png"; path = "Resources/folders-blue.png"; sourceTree = "<group>"; };
		B3F7414A17A1F923009A8ECF /* ZGTableViewDelegate.h */ = {isa = PBXFileReference; fileEncoding = 4; lastKnownFileType = sourcecode.c.h; path = ZGTableViewDelegate.h; sourceTree = "<group>"; };
		B3F7414B17A1F923009A8ECF /* ZGTableViewDelegate.m */ = {isa = PBXFileReference; fileEncoding = 4; lastKnownFileType = sourcecode.c.objc; path = ZGTableViewDelegate.m; sourceTree = "<group>"; };
		B3F7414D17A21B79009A8ECF /* ZGImages.h */ = {isa = PBXFileReference; fileEncoding = 4; lastKnownFileType = sourcecode.c.h; path = ZGImages.h; sourceTree = "<group>"; };
		B3F7414E17A21B79009A8ECF /* ZGImages.m */ = {isa = PBXFileReference; fileEncoding = 4; lastKnownFileType = sourcecode.c.objc; path = ZGImages.m; sourceTree = "<group>"; };
		B3FC1D9717A0929000BE0ED3 /* ZGHeroView.h */ = {isa = PBXFileReference; fileEncoding = 4; lastKnownFileType = sourcecode.c.h; path = ZGHeroView.h; sourceTree = "<group>"; };
		B3FC1D9817A0929000BE0ED3 /* ZGHeroView.m */ = {isa = PBXFileReference; fileEncoding = 4; lastKnownFileType = sourcecode.c.objc; path = ZGHeroView.m; sourceTree = "<group>"; };
		B3FC1D9A17A095B600BE0ED3 /* QuartzCore.framework */ = {isa = PBXFileReference; lastKnownFileType = wrapper.framework; name = QuartzCore.framework; path = System/Library/Frameworks/QuartzCore.framework; sourceTree = SDKROOT; };
		B3FC1D9C17A0B40B00BE0ED3 /* leaf-0-64x64.png */ = {isa = PBXFileReference; lastKnownFileType = image.png; name = "leaf-0-64x64.png"; path = "Resources/leaf-0-64x64.png"; sourceTree = "<group>"; };
		B3FC1D9D17A0B40B00BE0ED3 /* leaf-1-64x64.png */ = {isa = PBXFileReference; lastKnownFileType = image.png; name = "leaf-1-64x64.png"; path = "Resources/leaf-1-64x64.png"; sourceTree = "<group>"; };
		B3FC1D9E17A0B40B00BE0ED3 /* leaf-2-64x64.png */ = {isa = PBXFileReference; lastKnownFileType = image.png; name = "leaf-2-64x64.png"; path = "Resources/leaf-2-64x64.png"; sourceTree = "<group>"; };
		B3FC1D9F17A0B40B00BE0ED3 /* leaf-3-64X64.png */ = {isa = PBXFileReference; lastKnownFileType = image.png; name = "leaf-3-64X64.png"; path = "Resources/leaf-3-64X64.png"; sourceTree = "<group>"; };
/* End PBXFileReference section */

/* Begin PBXFrameworksBuildPhase section */
		B34FEB541792443D005D798B /* Frameworks */ = {
			isa = PBXFrameworksBuildPhase;
			buildActionMask = 2147483647;
			files = (
				B3FE5C5817A3F7390077CB28 /* libp7z.dylib in Frameworks */,
				B34FEB5B1792443D005D798B /* Cocoa.framework in Frameworks */,
				B3FC1D9B17A095B600BE0ED3 /* QuartzCore.framework in Frameworks */,
			);
			runOnlyForDeploymentPostprocessing = 0;
		};
/* End PBXFrameworksBuildPhase section */

/* Begin PBXGroup section */
		B34FEB4E1792443D005D798B = {
			isa = PBXGroup;
			children = (
				B322F07F17A613E100715C6D /* license.txt */,
				B39F1D5817924FB600472FEF /* p7z */,
				B3BECD66179A147800B07871 /* chardet */,
				B36196D71795BB8E00C515E4 /* ZGUtils.h */,
				B36196D81795BB8E00C515E4 /* ZGUtils.mm */,
				B3BAB36F1793CAB0006C4E75 /* ZGNumber.h */,
				B3BAB3701793CAB0006C4E75 /* ZGNumber.m */,
				B36196D417959F6800C515E4 /* ZGBitset.h */,
				B36196D517959F6800C515E4 /* ZGBitset.m */,
				B35D1E481794DC8300A0210F /* ZGDate.h */,
				B35D1E491794DC8300A0210F /* ZGDate.m */,
				B3F7414D17A21B79009A8ECF /* ZGImages.h */,
				B3F7414E17A21B79009A8ECF /* ZGImages.m */,
				B35D1E3F1794CA3B00A0210F /* ZGErrors.h */,
				B35D1E401794CA3B00A0210F /* ZGErrors.m */,
				B3485C6D179F2E6E001B91F5 /* ZGApp.h */,
				B3485C6E179F2E6E001B91F5 /* ZGApp.mm */,
				B37E555617928A3700E54693 /* ZGAppDelegate.h */,
				B37E555717928A3700E54693 /* ZGAppDelegate.m */,
				B3D1BE5D17973662007BE5E7 /* MacMem.h */,
				B3D1BE5E1797366E007BE5E7 /* MacMem.m */,
				B32FF53117933C6B0083146C /* ZGItemProtocol.h */,
				B3E87DA717A922CE00B246B8 /* ZGGenericItem.h */,
				B3E87DA817A922CE00B246B8 /* ZGGenericItem.m */,
				B3BAB36C17936C9B006C4E75 /* ZG7zip.h */,
				B3BAB36D17936C9C006C4E75 /* ZG7zip.mm */,
				B37E555917928BF300E54693 /* ZGFileSystem.h */,
				B37E555A17928BF300E54693 /* ZGFileSystem.m */,
				B3FC1D9717A0929000BE0ED3 /* ZGHeroView.h */,
				B3FC1D9817A0929000BE0ED3 /* ZGHeroView.m */,
				B3767B0117AFAAC700971CE4 /* ZGSheet.h */,
				B3767B0217AFAAC700971CE4 /* ZGSheet.m */,
				B31A49C217B27AE800030DD5 /* ZGDestination.h */,
				B31A49C317B27AE800030DD5 /* ZGDestination.m */,
				B322F07917A6136B00715C6D /* ZGToolbar.h */,
				B322F07A17A6136B00715C6D /* ZGToolbar.m */,
				B322F07C17A613A500715C6D /* ZGToolbarDelegate.h */,
				B322F07D17A613A500715C6D /* ZGToolbarDelegate.m */,
				B37E554D1792857400E54693 /* ZGImageAndTextCell.h */,
				B37E554E1792857400E54693 /* ZGImageAndTextCell.m */,
				B37E555C1793019400E54693 /* ZGOutlineViewDataSource.h */,
				B37E555D1793019400E54693 /* ZGOutlineViewDataSource.m */,
				B37E55501792864200E54693 /* ZGOutlineViewDelegate.h */,
				B37E55511792864200E54693 /* ZGOutlineViewDelegate.m */,
				B3E1F0BB17A1E22A003D3E68 /* ZGTableViewDataSource.h */,
				B3E1F0BC17A1E22A003D3E68 /* ZGTableViewDataSource.m */,
				B3F7414A17A1F923009A8ECF /* ZGTableViewDelegate.h */,
				B3F7414B17A1F923009A8ECF /* ZGTableViewDelegate.m */,
				B37E55521792864200E54693 /* ZGSplitViewDelegate.h */,
				B37E55531792864200E54693 /* ZGSplitViewDelegate.m */,
				B34FEB6C1792443D005D798B /* ZGDocument.h */,
				B34FEB6D1792443D005D798B /* ZGDocument.m */,
				B30A704F17A4B3D200059168 /* ZGWindowController.h */,
				B30A705017A4B3D200059168 /* ZGWindowController.m */,
				B35EDC7A1799E36F00E6CCF9 /* Zipeg-Info.plist */,
				B37E554A179278DF00E54693 /* zipeg.icns */,
				B34FEB611792443D005D798B /* Supporting Files */,
				B37E554C1792844D00E54693 /* Resources */,
				B34FEB591792443D005D798B /* Frameworks */,
				B34FEB581792443D005D798B /* Products */,
				B39F1D4317924CBE00472FEF /* p7z.xcodeproj */,
			);
			sourceTree = "<group>";
		};
		B34FEB581792443D005D798B /* Products */ = {
			isa = PBXGroup;
			children = (
				B34FEB571792443D005D798B /* Zipeg.app */,
			);
			name = Products;
			sourceTree = "<group>";
		};
		B34FEB591792443D005D798B /* Frameworks */ = {
			isa = PBXGroup;
			children = (
				B3FC1D9A17A095B600BE0ED3 /* QuartzCore.framework */,
				B34FEB5A1792443D005D798B /* Cocoa.framework */,
				B34FEB7B1792443D005D798B /* SenTestingKit.framework */,
				B34FEB5C1792443D005D798B /* Other Frameworks */,
			);
			name = Frameworks;
			sourceTree = "<group>";
		};
		B34FEB5C1792443D005D798B /* Other Frameworks */ = {
			isa = PBXGroup;
			children = (
				B34FEB5D1792443D005D798B /* AppKit.framework */,
				B34FEB5E1792443D005D798B /* CoreData.framework */,
				B34FEB5F1792443D005D798B /* Foundation.framework */,
			);
			name = "Other Frameworks";
			sourceTree = "<group>";
		};
		B34FEB611792443D005D798B /* Supporting Files */ = {
			isa = PBXGroup;
			children = (
				B3BF7D2C1792462500A3E5EF /* main.mm */,
				B34FEB681792443D005D798B /* zipeg.pch */,
			);
			name = "Supporting Files";
			path = Zipeg;
			sourceTree = "<group>";
		};
		B37E554C1792844D00E54693 /* Resources */ = {
			isa = PBXGroup;
			children = (
				B3AE839817B29A51008F754D /* black-linen_@2X.png */,
				B3AE839917B29A51008F754D /* black-linen.png */,
				B31A49BA17B2444600030DD5 /* next.png */,
				B31A49BB17B2444600030DD5 /* play-n.png */,
				B31A49BC17B2444600030DD5 /* play-p.png */,
				B31A49BD17B2444600030DD5 /* prev.png */,
				B32A0B8717B2215500225F91 /* done.aiff */,
				B32A0B8817B2215500225F91 /* error.aiff */,
				B3767AFF17AF978F00971CE4 /* folders-white.png */,
				B3E87DAA17A95C6100B246B8 /* folders-blue.png */,
				B32EB9C61798CEDA00D8A129 /* ZGDocument.xib */,
				B32EB9C41798CEDA00D8A129 /* MainMenu.xib */,
				B39F1D291792485F00472FEF /* Credits.rtf */,
				B39F1D2C1792486C00472FEF /* InfoPlist.strings */,
				B35D1E461794CBEB00A0210F /* ZGErrors.strings */,
				B3037E091799E20D00A49FF3 /* zipeg-archive.icns */,
				B3FC1D9C17A0B40B00BE0ED3 /* leaf-0-64x64.png */,
				B3FC1D9D17A0B40B00BE0ED3 /* leaf-1-64x64.png */,
				B3FC1D9E17A0B40B00BE0ED3 /* leaf-2-64x64.png */,
				B3FC1D9F17A0B40B00BE0ED3 /* leaf-3-64X64.png */,
			);
			name = Resources;
			sourceTree = "<group>";
		};
		B39F1D4417924CBE00472FEF /* Products */ = {
			isa = PBXGroup;
			children = (
				B39F1D4817924CBE00472FEF /* libp7z.dylib */,
			);
			name = Products;
			sourceTree = "<group>";
		};
		B39F1D5817924FB600472FEF /* p7z */ = {
			isa = PBXGroup;
			children = (
				B39F1D4C17924E6800472FEF /* c.h */,
				B39F1D4E17924E9900472FEF /* PropID.h */,
				B39F1D5617924F0700472FEF /* p7z.hpp */,
				B39F1D4F17924E9900472FEF /* HashMapS2L.hpp */,
				B39F1D5017924E9900472FEF /* NanoTime.hpp */,
			);
			name = p7z;
			sourceTree = "<group>";
		};
		B3BECD66179A147800B07871 /* chardet */ = {
			isa = PBXGroup;
			children = (
				B3BECD67179A149300B07871 /* Big5Freq.tab */,
				B3BECD68179A149300B07871 /* CharDistribution.cpp */,
				B3BECD69179A149300B07871 /* CharDistribution.h */,
				B3BECD6A179A149300B07871 /* dll.cpp */,
				B3BECD6B179A149300B07871 /* EUCKRFreq.tab */,
				B3BECD6C179A149300B07871 /* EUCTWFreq.tab */,
				B3BECD6D179A149300B07871 /* GB2312Freq.tab */,
				B3BECD6E179A149300B07871 /* JISFreq.tab */,
				B3BECD6F179A149300B07871 /* JpCntx.cpp */,
				B3BECD70179A149300B07871 /* JpCntx.h */,
				B3BECD71179A149300B07871 /* LangBulgarianModel.cpp */,
				B3BECD72179A149300B07871 /* LangCyrillicModel.cpp */,
				B3BECD73179A149300B07871 /* LangGreekModel.cpp */,
				B3BECD74179A149300B07871 /* LangHebrewModel.cpp */,
				B3BECD75179A149300B07871 /* LangHungarianModel.cpp */,
				B3BECD76179A149300B07871 /* LangThaiModel.cpp */,
				B3BECD78179A149300B07871 /* nsBig5Prober.cpp */,
				B3BECD79179A149300B07871 /* nsBig5Prober.h */,
				B3BECD7A179A149300B07871 /* nsCharSetProber.cpp */,
				B3BECD7B179A149300B07871 /* nsCharSetProber.h */,
				B3BECD7C179A149300B07871 /* nsCodingStateMachine.h */,
				B3BECD7D179A149300B07871 /* nscore.h */,
				B3BECD7E179A149300B07871 /* nsEscCharsetProber.cpp */,
				B3BECD7F179A149300B07871 /* nsEscCharsetProber.h */,
				B3BECD80179A149300B07871 /* nsEscSM.cpp */,
				B3BECD81179A149300B07871 /* nsEUCJPProber.cpp */,
				B3BECD82179A149300B07871 /* nsEUCJPProber.h */,
				B3BECD83179A149300B07871 /* nsEUCKRProber.cpp */,
				B3BECD84179A149300B07871 /* nsEUCKRProber.h */,
				B3BECD85179A149300B07871 /* nsEUCTWProber.cpp */,
				B3BECD86179A149300B07871 /* nsEUCTWProber.h */,
				B3BECD87179A149300B07871 /* nsGB2312Prober.cpp */,
				B3BECD88179A149300B07871 /* nsGB2312Prober.h */,
				B3BECD89179A149300B07871 /* nsHebrewProber.cpp */,
				B3BECD8A179A149300B07871 /* nsHebrewProber.h */,
				B3BECD8B179A149300B07871 /* nsLatin1Prober.cpp */,
				B3BECD8C179A149300B07871 /* nsLatin1Prober.h */,
				B3BECD8D179A149300B07871 /* nsMBCSGroupProber.cpp */,
				B3BECD8E179A149300B07871 /* nsMBCSGroupProber.h */,
				B3BECD8F179A149300B07871 /* nsMBCSSM.cpp */,
				B3BECD90179A149300B07871 /* nsPkgInt.h */,
				B3BECD91179A149300B07871 /* nsSBCharSetProber.cpp */,
				B3BECD92179A149300B07871 /* nsSBCharSetProber.h */,
				B3BECD93179A149300B07871 /* nsSBCSGroupProber.cpp */,
				B3BECD94179A149300B07871 /* nsSBCSGroupProber.h */,
				B3BECD95179A149300B07871 /* nsSJISProber.cpp */,
				B3BECD96179A149300B07871 /* nsSJISProber.h */,
				B3BECD97179A149300B07871 /* nsUniversalDetector.cpp */,
				B3BECD98179A149300B07871 /* nsUniversalDetector.h */,
				B3BECD99179A149300B07871 /* nsUTF8Prober.cpp */,
				B3BECD9A179A149300B07871 /* nsUTF8Prober.h */,
				B3BECD9B179A149300B07871 /* prmem.h */,
				B3BECD9C179A149300B07871 /* universalchardet.c */,
				B3BECD9D179A149300B07871 /* universalchardet.h */,
			);
			name = chardet;
			sourceTree = "<group>";
		};
/* End PBXGroup section */

/* Begin PBXNativeTarget section */
		B34FEB561792443D005D798B /* Zipeg */ = {
			isa = PBXNativeTarget;
			buildConfigurationList = B34FEB8B1792443D005D798B /* Build configuration list for PBXNativeTarget "Zipeg" */;
			buildPhases = (
				B34FEB531792443D005D798B /* Sources */,
				B34FEB541792443D005D798B /* Frameworks */,
				B34FEB551792443D005D798B /* Resources */,
				B361A43417A3FE10008C8199 /* CopyFiles */,
			);
			buildRules = (
			);
			dependencies = (
				B39F1D4A17924CDF00472FEF /* PBXTargetDependency */,
			);
			name = Zipeg;
			productName = Zipeg;
			productReference = B34FEB571792443D005D798B /* Zipeg.app */;
			productType = "com.apple.product-type.application";
		};
/* End PBXNativeTarget section */

/* Begin PBXProject section */
		B34FEB4F1792443D005D798B /* Project object */ = {
			isa = PBXProject;
			attributes = {
				CLASSPREFIX = ZG;
				LastUpgradeCheck = 0460;
				ORGANIZATIONNAME = "Zipeg Labs";
			};
			buildConfigurationList = B34FEB521792443D005D798B /* Build configuration list for PBXProject "Zipeg" */;
			compatibilityVersion = "Xcode 3.2";
			developmentRegion = English;
			hasScannedForEncodings = 0;
			knownRegions = (
				en,
				ru,
				Base,
			);
			mainGroup = B34FEB4E1792443D005D798B;
			productRefGroup = B34FEB581792443D005D798B /* Products */;
			projectDirPath = "";
			projectReferences = (
				{
					ProductGroup = B39F1D4417924CBE00472FEF /* Products */;
					ProjectRef = B39F1D4317924CBE00472FEF /* p7z.xcodeproj */;
				},
			);
			projectRoot = "";
			targets = (
				B34FEB561792443D005D798B /* Zipeg */,
			);
		};
/* End PBXProject section */

/* Begin PBXReferenceProxy section */
		B39F1D4817924CBE00472FEF /* libp7z.dylib */ = {
			isa = PBXReferenceProxy;
			fileType = "compiled.mach-o.dylib";
			path = libp7z.dylib;
			remoteRef = B39F1D4717924CBE00472FEF /* PBXContainerItemProxy */;
			sourceTree = BUILT_PRODUCTS_DIR;
		};
/* End PBXReferenceProxy section */

/* Begin PBXResourcesBuildPhase section */
		B34FEB551792443D005D798B /* Resources */ = {
			isa = PBXResourcesBuildPhase;
			buildActionMask = 2147483647;
			files = (
				B39F1D2A1792486C00472FEF /* InfoPlist.strings in Resources */,
				B39F1D271792485F00472FEF /* Credits.rtf in Resources */,
				B37E554B179278DF00E54693 /* zipeg.icns in Resources */,
				B35D1E441794CBEB00A0210F /* ZGErrors.strings in Resources */,
				B32EB9C81798CEDA00D8A129 /* MainMenu.xib in Resources */,
				B32EB9C91798CEDA00D8A129 /* ZGDocument.xib in Resources */,
				B3037E0A1799E20E00A49FF3 /* zipeg-archive.icns in Resources */,
				B3FC1DA017A0B40B00BE0ED3 /* leaf-0-64x64.png in Resources */,
				B3FC1DA117A0B40B00BE0ED3 /* leaf-1-64x64.png in Resources */,
				B3FC1DA217A0B40B00BE0ED3 /* leaf-2-64x64.png in Resources */,
				B3FC1DA317A0B40B00BE0ED3 /* leaf-3-64X64.png in Resources */,
				B322F08017A613E100715C6D /* license.txt in Resources */,
				B3E87DAC17A95C6100B246B8 /* folders-blue.png in Resources */,
				B3767B0017AF978F00971CE4 /* folders-white.png in Resources */,
				B32A0B8917B2215500225F91 /* done.aiff in Resources */,
				B32A0B8A17B2215500225F91 /* error.aiff in Resources */,
				B31A49BE17B2444600030DD5 /* next.png in Resources */,
				B31A49BF17B2444600030DD5 /* play-n.png in Resources */,
				B31A49C017B2444600030DD5 /* play-p.png in Resources */,
				B31A49C117B2444600030DD5 /* prev.png in Resources */,
				B3AE839A17B29A51008F754D /* black-linen_@2X.png in Resources */,
				B3AE839B17B29A51008F754D /* black-linen.png in Resources */,
			);
			runOnlyForDeploymentPostprocessing = 0;
		};
/* End PBXResourcesBuildPhase section */

/* Begin PBXSourcesBuildPhase section */
		B34FEB531792443D005D798B /* Sources */ = {
			isa = PBXSourcesBuildPhase;
			buildActionMask = 2147483647;
			files = (
				B34FEB6E1792443D005D798B /* ZGDocument.m in Sources */,
				B3BF7D2D1792462500A3E5EF /* main.mm in Sources */,
				B37E554F1792857400E54693 /* ZGImageAndTextCell.m in Sources */,
				B37E55541792864200E54693 /* ZGOutlineViewDelegate.m in Sources */,
				B37E55551792864200E54693 /* ZGSplitViewDelegate.m in Sources */,
				B37E555817928A3800E54693 /* ZGAppDelegate.m in Sources */,
				B37E555B17928BF300E54693 /* ZGFileSystem.m in Sources */,
				B37E555E1793019400E54693 /* ZGOutlineViewDataSource.m in Sources */,
				B3BAB36E17936C9C006C4E75 /* ZG7zip.mm in Sources */,
				B3BAB3711793CAB0006C4E75 /* ZGNumber.m in Sources */,
				B35D1E411794CA3B00A0210F /* ZGErrors.m in Sources */,
				B35D1E4A1794DC8300A0210F /* ZGDate.m in Sources */,
				B36196D617959F6800C515E4 /* ZGBitset.m in Sources */,
				B36196D91795BB8E00C515E4 /* ZGUtils.mm in Sources */,
				B3D1BE5F1797366E007BE5E7 /* MacMem.m in Sources */,
				B3BECD9F179A149300B07871 /* CharDistribution.cpp in Sources */,
				B3BECDA0179A149300B07871 /* dll.cpp in Sources */,
				B3BECDA5179A149300B07871 /* JpCntx.cpp in Sources */,
				B3BECDA6179A149300B07871 /* LangBulgarianModel.cpp in Sources */,
				B3BECDA7179A149300B07871 /* LangCyrillicModel.cpp in Sources */,
				B3BECDA8179A149300B07871 /* LangGreekModel.cpp in Sources */,
				B3BECDA9179A149300B07871 /* LangHebrewModel.cpp in Sources */,
				B3BECDAA179A149300B07871 /* LangHungarianModel.cpp in Sources */,
				B3BECDAB179A149300B07871 /* LangThaiModel.cpp in Sources */,
				B3BECDAD179A149300B07871 /* nsBig5Prober.cpp in Sources */,
				B3BECDAE179A149300B07871 /* nsCharSetProber.cpp in Sources */,
				B3BECDAF179A149300B07871 /* nsEscCharsetProber.cpp in Sources */,
				B3BECDB0179A149300B07871 /* nsEscSM.cpp in Sources */,
				B3BECDB1179A149300B07871 /* nsEUCJPProber.cpp in Sources */,
				B3BECDB2179A149300B07871 /* nsEUCKRProber.cpp in Sources */,
				B3BECDB3179A149300B07871 /* nsEUCTWProber.cpp in Sources */,
				B3BECDB4179A149300B07871 /* nsGB2312Prober.cpp in Sources */,
				B3BECDB5179A149300B07871 /* nsHebrewProber.cpp in Sources */,
				B3BECDB6179A149300B07871 /* nsLatin1Prober.cpp in Sources */,
				B3BECDB7179A149300B07871 /* nsMBCSGroupProber.cpp in Sources */,
				B3BECDB8179A149300B07871 /* nsMBCSSM.cpp in Sources */,
				B3BECDB9179A149300B07871 /* nsSBCharSetProber.cpp in Sources */,
				B3BECDBA179A149300B07871 /* nsSBCSGroupProber.cpp in Sources */,
				B3BECDBB179A149300B07871 /* nsSJISProber.cpp in Sources */,
				B3BECDBC179A149300B07871 /* nsUniversalDetector.cpp in Sources */,
				B3BECDBD179A149300B07871 /* nsUTF8Prober.cpp in Sources */,
				B3BECDBE179A149300B07871 /* universalchardet.c in Sources */,
				B3485C6F179F2E6E001B91F5 /* ZGApp.mm in Sources */,
				B3FC1D9917A0929000BE0ED3 /* ZGHeroView.m in Sources */,
				B3E1F0BD17A1E22A003D3E68 /* ZGTableViewDataSource.m in Sources */,
				B3F7414C17A1F923009A8ECF /* ZGTableViewDelegate.m in Sources */,
				B3F7414F17A21B79009A8ECF /* ZGImages.m in Sources */,
				B30A705117A4B3D200059168 /* ZGWindowController.m in Sources */,
				B322F07B17A6136B00715C6D /* ZGToolbar.m in Sources */,
				B322F07E17A613A500715C6D /* ZGToolbarDelegate.m in Sources */,
				B3E87DA917A922CE00B246B8 /* ZGGenericItem.m in Sources */,
				B3767B0317AFAAC700971CE4 /* ZGSheet.m in Sources */,
				B31A49C417B27AE800030DD5 /* ZGDestination.m in Sources */,
			);
			runOnlyForDeploymentPostprocessing = 0;
		};
/* End PBXSourcesBuildPhase section */

/* Begin PBXTargetDependency section */
		B39F1D4A17924CDF00472FEF /* PBXTargetDependency */ = {
			isa = PBXTargetDependency;
			name = p7z;
			targetProxy = B39F1D4917924CDF00472FEF /* PBXContainerItemProxy */;
		};
/* End PBXTargetDependency section */

/* Begin PBXVariantGroup section */
		B32EB9C41798CEDA00D8A129 /* MainMenu.xib */ = {
			isa = PBXVariantGroup;
			children = (
				B32EB9C51798CEDA00D8A129 /* en */,
				B3037DD317998FC300A49FF3 /* ru */,
			);
			name = MainMenu.xib;
			sourceTree = "<group>";
		};
		B32EB9C61798CEDA00D8A129 /* ZGDocument.xib */ = {
			isa = PBXVariantGroup;
			children = (
				B32EB9C71798CEDA00D8A129 /* en */,
			);
			name = ZGDocument.xib;
			sourceTree = "<group>";
		};
		B35D1E461794CBEB00A0210F /* ZGErrors.strings */ = {
			isa = PBXVariantGroup;
			children = (
				B35D1E451794CBEB00A0210F /* en */,
				B3037DD717998FC300A49FF3 /* ru */,
			);
			name = ZGErrors.strings;
			sourceTree = "<group>";
		};
		B39F1D291792485F00472FEF /* Credits.rtf */ = {
			isa = PBXVariantGroup;
			children = (
				B39F1D281792485F00472FEF /* en */,
				B3037DD517998FC300A49FF3 /* ru */,
			);
			name = Credits.rtf;
			sourceTree = "<group>";
		};
		B39F1D2C1792486C00472FEF /* InfoPlist.strings */ = {
			isa = PBXVariantGroup;
			children = (
				B39F1D2B1792486C00472FEF /* en */,
				B3037DD617998FC300A49FF3 /* ru */,
			);
			name = InfoPlist.strings;
			sourceTree = "<group>";
		};
/* End PBXVariantGroup section */

/* Begin XCBuildConfiguration section */
		B34FEB891792443D005D798B /* Debug */ = {
			isa = XCBuildConfiguration;
			buildSettings = {
				ALWAYS_SEARCH_USER_PATHS = NO;
				ARCHS = "$(ARCHS_STANDARD_64_BIT)";
				CLANG_CXX_LANGUAGE_STANDARD = "gnu++0x";
				CLANG_CXX_LIBRARY = "libstdc++";
				CLANG_ENABLE_OBJC_ARC = YES;
				CLANG_WARN_CONSTANT_CONVERSION = YES;
				CLANG_WARN_EMPTY_BODY = YES;
				CLANG_WARN_ENUM_CONVERSION = YES;
				CLANG_WARN_INT_CONVERSION = YES;
				CLANG_WARN__DUPLICATE_METHOD_MATCH = YES;
				COPY_PHASE_STRIP = NO;
				GCC_C_LANGUAGE_STANDARD = gnu99;
				GCC_DYNAMIC_NO_PIC = NO;
				GCC_ENABLE_OBJC_EXCEPTIONS = YES;
				GCC_OPTIMIZATION_LEVEL = 0;
				GCC_PREPROCESSOR_DEFINITIONS = (
					"DEBUG=1",
					"$(inherited)",
				);
				GCC_SYMBOLS_PRIVATE_EXTERN = NO;
				GCC_WARN_64_TO_32_BIT_CONVERSION = YES;
				GCC_WARN_ABOUT_RETURN_TYPE = YES;
				GCC_WARN_UNINITIALIZED_AUTOS = YES;
				GCC_WARN_UNUSED_VARIABLE = YES;
				MACOSX_DEPLOYMENT_TARGET = 10.7;
				ONLY_ACTIVE_ARCH = YES;
				SDKROOT = macosx10.8;
			};
			name = Debug;
		};
		B34FEB8A1792443D005D798B /* Release */ = {
			isa = XCBuildConfiguration;
			buildSettings = {
				ALWAYS_SEARCH_USER_PATHS = NO;
				ARCHS = "$(ARCHS_STANDARD_64_BIT)";
				CLANG_CXX_LANGUAGE_STANDARD = "gnu++0x";
				CLANG_CXX_LIBRARY = "libstdc++";
				CLANG_ENABLE_OBJC_ARC = YES;
				CLANG_WARN_CONSTANT_CONVERSION = YES;
				CLANG_WARN_EMPTY_BODY = YES;
				CLANG_WARN_ENUM_CONVERSION = YES;
				CLANG_WARN_INT_CONVERSION = YES;
				CLANG_WARN__DUPLICATE_METHOD_MATCH = YES;
				COPY_PHASE_STRIP = NO;
				DEBUG_INFORMATION_FORMAT = "dwarf-with-dsym";
				GCC_C_LANGUAGE_STANDARD = gnu99;
				GCC_ENABLE_OBJC_EXCEPTIONS = YES;
				GCC_GENERATE_DEBUGGING_SYMBOLS = NO;
				GCC_WARN_64_TO_32_BIT_CONVERSION = YES;
				GCC_WARN_ABOUT_RETURN_TYPE = YES;
				GCC_WARN_UNINITIALIZED_AUTOS = YES;
				GCC_WARN_UNUSED_VARIABLE = YES;
				MACOSX_DEPLOYMENT_TARGET = 10.7;
				SDKROOT = macosx10.8;
			};
			name = Release;
		};
		B34FEB8C1792443D005D798B /* Debug */ = {
			isa = XCBuildConfiguration;
			buildSettings = {
				CODE_SIGN_IDENTITY = "";
				COMBINE_HIDPI_IMAGES = YES;
				GCC_PRECOMPILE_PREFIX_HEADER = YES;
				GCC_PREFIX_HEADER = zipeg.pch;
				INFOPLIST_FILE = "Zipeg-Info.plist";
				MACOSX_DEPLOYMENT_TARGET = 10.7;
				PRODUCT_NAME = "$(TARGET_NAME)";
				WRAPPER_EXTENSION = app;
			};
			name = Debug;
		};
		B34FEB8D1792443D005D798B /* Release */ = {
			isa = XCBuildConfiguration;
			buildSettings = {
				CODE_SIGN_IDENTITY = "";
				COMBINE_HIDPI_IMAGES = YES;
				GCC_PRECOMPILE_PREFIX_HEADER = YES;
				GCC_PREFIX_HEADER = zipeg.pch;
				INFOPLIST_FILE = "Zipeg-Info.plist";
				MACOSX_DEPLOYMENT_TARGET = 10.7;
				PRODUCT_NAME = "$(TARGET_NAME)";
				WRAPPER_EXTENSION = app;
			};
			name = Release;
		};
/* End XCBuildConfiguration section */

/* Begin XCConfigurationList section */
		B34FEB521792443D005D798B /* Build configuration list for PBXProject "Zipeg" */ = {
			isa = XCConfigurationList;
			buildConfigurations = (
				B34FEB891792443D005D798B /* Debug */,
				B34FEB8A1792443D005D798B /* Release */,
			);
			defaultConfigurationIsVisible = 0;
			defaultConfigurationName = Release;
		};
		B34FEB8B1792443D005D798B /* Build configuration list for PBXNativeTarget "Zipeg" */ = {
			isa = XCConfigurationList;
			buildConfigurations = (
				B34FEB8C1792443D005D798B /* Debug */,
				B34FEB8D1792443D005D798B /* Release */,
			);
			defaultConfigurationIsVisible = 0;
			defaultConfigurationName = Release;
		};
/* End XCConfigurationList section */
	};
	rootObject = B34FEB4F1792443D005D798B /* Project object */;
}
